
Microsoft Visual Studio Solution File, Format Version 12.00
# Visual Studio Version 17
VisualStudioVersion = 17.2.32616.157
MinimumVisualStudioVersion = 10.0.40219.1
Project("{FAE04EC0-301F-11D3-BF4B-00C04F79EFBC}") = "MedicineList", "MedicineList\MedicineList.csproj", "{77DA5BAC-94E1-4F97-ABC6-93EC1848D3D0}"
EndProject
Global
	GlobalSection(SolutionConfigurationPlatforms) = preSolution
		Debug|Any CPU = Debug|Any CPU
		Release|Any CPU = Release|Any CPU
	EndGlobalSection
	GlobalSection(ProjectConfigurationPlatforms) = postSolution
		{77DA5BAC-94E1-4F97-ABC6-93EC1848D3D0}.Debug|Any CPU.ActiveCfg = Debug|Any CPU
		{77DA5BAC-94E1-4F97-ABC6-93EC1848D3D0}.Debug|Any CPU.Build.0 = Debug|Any CPU
		{77DA5BAC-94E1-4F97-ABC6-93EC1848D3D0}.Release|Any CPU.ActiveCfg = Release|Any CPU
		{77DA5BAC-94E1-4F97-ABC6-93EC1848D3D0}.Release|Any CPU.Build.0 = Release|Any CPU
	EndGlobalSection
	GlobalSection(SolutionProperties) = preSolution
		HideSolutionNode = FALSE
	EndGlobalSection
	GlobalSection(ExtensibilityGlobals) = postSolution
		SolutionGuid = {914946A4-B14C-413E-A3E1-57A8486150BF}
	EndGlobalSection
EndGlobal
